
Microsoft Visual Studio Solution File, Format Version 12.00
# Visual Studio 15
VisualStudioVersion = 15.0.26124.0
MinimumVisualStudioVersion = 15.0.26124.0
Project("{2150E333-8FDC-42A3-9474-1A3956D46DE8}") = "src", "src", "{51218DF9-2398-48C2-BE6F-898BAF6CB46C}"
EndProject
Project("{9A19103F-16F7-4668-BE54-9A1E7A4F7556}") = "SoCalCodeCamp.LoggingDemo", "src\SoCalCodeCamp.LoggingDemo\SoCalCodeCamp.LoggingDemo.csproj", "{5B6B013C-BB85-4CF1-8727-18FFB8E299B6}"
EndProject
Project("{2150E333-8FDC-42A3-9474-1A3956D46DE8}") = "Solution Items", "Solution Items", "{3FDE6E7F-C87C-4B38-9B50-3EA06ED8D15D}"
	ProjectSection(SolutionItems) = preProject
		.editorconfig = .editorconfig
		azure-pipelines.yml = azure-pipelines.yml
		Directory.build.props = Directory.build.props
		LICENSE = LICENSE
		README.md = README.md
	EndProjectSection
EndProject
Project("{2150E333-8FDC-42A3-9474-1A3956D46DE8}") = "build", "build", "{8C9E9A82-7F47-41CF-8C99-D3D0570506B2}"
	ProjectSection(SolutionItems) = preProject
		build\filelist.txt = build\filelist.txt
		build\Sign-Packages.ps1 = build\Sign-Packages.ps1
	EndProjectSection
EndProject
Project("{2150E333-8FDC-42A3-9474-1A3956D46DE8}") = "sample", "sample", "{93896CD8-0448-46D5-9A60-B0A3087C374F}"
EndProject
Project("{FAE04EC0-301F-11D3-BF4B-00C04F79EFBC}") = "SoCalCodeCamp.Sample.Android", "sample\SoCalCodeCamp.Sample\SoCalCodeCamp.Sample.Android\SoCalCodeCamp.Sample.Android.csproj", "{357B8449-1448-4B18-A6B7-A5B3F85A5C29}"
EndProject
Project("{FAE04EC0-301F-11D3-BF4B-00C04F79EFBC}") = "SoCalCodeCamp.Sample.iOS", "sample\SoCalCodeCamp.Sample\SoCalCodeCamp.Sample.iOS\SoCalCodeCamp.Sample.iOS.csproj", "{884C34B5-C73C-4F73-964A-5799106DFBC7}"
EndProject
Project("{FAE04EC0-301F-11D3-BF4B-00C04F79EFBC}") = "SoCalCodeCamp.Sample.UWP", "sample\SoCalCodeCamp.Sample\SoCalCodeCamp.Sample.UWP\SoCalCodeCamp.Sample.UWP.csproj", "{E14DD664-E524-460C-BB52-4AD456D189D6}"
EndProject
Project("{FAE04EC0-301F-11D3-BF4B-00C04F79EFBC}") = "SoCalCodeCamp.Sample", "sample\SoCalCodeCamp.Sample\SoCalCodeCamp.Sample\SoCalCodeCamp.Sample.csproj", "{C59F6504-11B8-408C-B2B4-2FB10A9B5ABA}"
EndProject
Global
	GlobalSection(SolutionConfigurationPlatforms) = preSolution
		Ad-Hoc|Any CPU = Ad-Hoc|Any CPU
		Ad-Hoc|ARM = Ad-Hoc|ARM
		Ad-Hoc|iPhone = Ad-Hoc|iPhone
		Ad-Hoc|iPhoneSimulator = Ad-Hoc|iPhoneSimulator
		Ad-Hoc|x64 = Ad-Hoc|x64
		Ad-Hoc|x86 = Ad-Hoc|x86
		AppStore|Any CPU = AppStore|Any CPU
		AppStore|ARM = AppStore|ARM
		AppStore|iPhone = AppStore|iPhone
		AppStore|iPhoneSimulator = AppStore|iPhoneSimulator
		AppStore|x64 = AppStore|x64
		AppStore|x86 = AppStore|x86
		Debug|Any CPU = Debug|Any CPU
		Debug|ARM = Debug|ARM
		Debug|iPhone = Debug|iPhone
		Debug|iPhoneSimulator = Debug|iPhoneSimulator
		Debug|x64 = Debug|x64
		Debug|x86 = Debug|x86
		Release|Any CPU = Release|Any CPU
		Release|ARM = Release|ARM
		Release|iPhone = Release|iPhone
		Release|iPhoneSimulator = Release|iPhoneSimulator
		Release|x64 = Release|x64
		Release|x86 = Release|x86
	EndGlobalSection
	GlobalSection(ProjectConfigurationPlatforms) = postSolution
		{5B6B013C-BB85-4CF1-8727-18FFB8E299B6}.Ad-Hoc|Any CPU.ActiveCfg = Release|Any CPU
		{5B6B013C-BB85-4CF1-8727-18FFB8E299B6}.Ad-Hoc|Any CPU.Build.0 = Release|Any CPU
		{5B6B013C-BB85-4CF1-8727-18FFB8E299B6}.Ad-Hoc|ARM.ActiveCfg = Release|Any CPU
		{5B6B013C-BB85-4CF1-8727-18FFB8E299B6}.Ad-Hoc|ARM.Build.0 = Release|Any CPU
		{5B6B013C-BB85-4CF1-8727-18FFB8E299B6}.Ad-Hoc|iPhone.ActiveCfg = Release|Any CPU
		{5B6B013C-BB85-4CF1-8727-18FFB8E299B6}.Ad-Hoc|iPhone.Build.0 = Release|Any CPU
		{5B6B013C-BB85-4CF1-8727-18FFB8E299B6}.Ad-Hoc|iPhoneSimulator.ActiveCfg = Release|Any CPU
		{5B6B013C-BB85-4CF1-8727-18FFB8E299B6}.Ad-Hoc|iPhoneSimulator.Build.0 = Release|Any CPU
		{5B6B013C-BB85-4CF1-8727-18FFB8E299B6}.Ad-Hoc|x64.ActiveCfg = Release|Any CPU
		{5B6B013C-BB85-4CF1-8727-18FFB8E299B6}.Ad-Hoc|x64.Build.0 = Release|Any CPU
		{5B6B013C-BB85-4CF1-8727-18FFB8E299B6}.Ad-Hoc|x86.ActiveCfg = Release|Any CPU
		{5B6B013C-BB85-4CF1-8727-18FFB8E299B6}.Ad-Hoc|x86.Build.0 = Release|Any CPU
		{5B6B013C-BB85-4CF1-8727-18FFB8E299B6}.AppStore|Any CPU.ActiveCfg = Release|Any CPU
		{5B6B013C-BB85-4CF1-8727-18FFB8E299B6}.AppStore|Any CPU.Build.0 = Release|Any CPU
		{5B6B013C-BB85-4CF1-8727-18FFB8E299B6}.AppStore|ARM.ActiveCfg = Release|Any CPU
		{5B6B013C-BB85-4CF1-8727-18FFB8E299B6}.AppStore|ARM.Build.0 = Release|Any CPU
		{5B6B013C-BB85-4CF1-8727-18FFB8E299B6}.AppStore|iPhone.ActiveCfg = Release|Any CPU
		{5B6B013C-BB85-4CF1-8727-18FFB8E299B6}.AppStore|iPhone.Build.0 = Release|Any CPU
		{5B6B013C-BB85-4CF1-8727-18FFB8E299B6}.AppStore|iPhoneSimulator.ActiveCfg = Release|Any CPU
		{5B6B013C-BB85-4CF1-8727-18FFB8E299B6}.AppStore|iPhoneSimulator.Build.0 = Release|Any CPU
		{5B6B013C-BB85-4CF1-8727-18FFB8E299B6}.AppStore|x64.ActiveCfg = Release|Any CPU
		{5B6B013C-BB85-4CF1-8727-18FFB8E299B6}.AppStore|x64.Build.0 = Release|Any CPU
		{5B6B013C-BB85-4CF1-8727-18FFB8E299B6}.AppStore|x86.ActiveCfg = Release|Any CPU
		{5B6B013C-BB85-4CF1-8727-18FFB8E299B6}.AppStore|x86.Build.0 = Release|Any CPU
		{5B6B013C-BB85-4CF1-8727-18FFB8E299B6}.Debug|Any CPU.ActiveCfg = Debug|Any CPU
		{5B6B013C-BB85-4CF1-8727-18FFB8E299B6}.Debug|Any CPU.Build.0 = Debug|Any CPU
		{5B6B013C-BB85-4CF1-8727-18FFB8E299B6}.Debug|ARM.ActiveCfg = Debug|Any CPU
		{5B6B013C-BB85-4CF1-8727-18FFB8E299B6}.Debug|ARM.Build.0 = Debug|Any CPU
		{5B6B013C-BB85-4CF1-8727-18FFB8E299B6}.Debug|iPhone.ActiveCfg = Debug|Any CPU
		{5B6B013C-BB85-4CF1-8727-18FFB8E299B6}.Debug|iPhone.Build.0 = Debug|Any CPU
		{5B6B013C-BB85-4CF1-8727-18FFB8E299B6}.Debug|iPhoneSimulator.ActiveCfg = Debug|Any CPU
		{5B6B013C-BB85-4CF1-8727-18FFB8E299B6}.Debug|iPhoneSimulator.Build.0 = Debug|Any CPU
		{5B6B013C-BB85-4CF1-8727-18FFB8E299B6}.Debug|x64.ActiveCfg = Debug|Any CPU
		{5B6B013C-BB85-4CF1-8727-18FFB8E299B6}.Debug|x64.Build.0 = Debug|Any CPU
		{5B6B013C-BB85-4CF1-8727-18FFB8E299B6}.Debug|x86.ActiveCfg = Debug|Any CPU
		{5B6B013C-BB85-4CF1-8727-18FFB8E299B6}.Debug|x86.Build.0 = Debug|Any CPU
		{5B6B013C-BB85-4CF1-8727-18FFB8E299B6}.Release|Any CPU.ActiveCfg = Release|Any CPU
		{5B6B013C-BB85-4CF1-8727-18FFB8E299B6}.Release|Any CPU.Build.0 = Release|Any CPU
		{5B6B013C-BB85-4CF1-8727-18FFB8E299B6}.Release|ARM.ActiveCfg = Release|Any CPU
		{5B6B013C-BB85-4CF1-8727-18FFB8E299B6}.Release|ARM.Build.0 = Release|Any CPU
		{5B6B013C-BB85-4CF1-8727-18FFB8E299B6}.Release|iPhone.ActiveCfg = Release|Any CPU
		{5B6B013C-BB85-4CF1-8727-18FFB8E299B6}.Release|iPhone.Build.0 = Release|Any CPU
		{5B6B013C-BB85-4CF1-8727-18FFB8E299B6}.Release|iPhoneSimulator.ActiveCfg = Release|Any CPU
		{5B6B013C-BB85-4CF1-8727-18FFB8E299B6}.Release|iPhoneSimulator.Build.0 = Release|Any CPU
		{5B6B013C-BB85-4CF1-8727-18FFB8E299B6}.Release|x64.ActiveCfg = Release|Any CPU
		{5B6B013C-BB85-4CF1-8727-18FFB8E299B6}.Release|x64.Build.0 = Release|Any CPU
		{5B6B013C-BB85-4CF1-8727-18FFB8E299B6}.Release|x86.ActiveCfg = Release|Any CPU
		{5B6B013C-BB85-4CF1-8727-18FFB8E299B6}.Release|x86.Build.0 = Release|Any CPU
		{357B8449-1448-4B18-A6B7-A5B3F85A5C29}.Ad-Hoc|Any CPU.ActiveCfg = Release|Any CPU
		{357B8449-1448-4B18-A6B7-A5B3F85A5C29}.Ad-Hoc|Any CPU.Build.0 = Release|Any CPU
		{357B8449-1448-4B18-A6B7-A5B3F85A5C29}.Ad-Hoc|Any CPU.Deploy.0 = Release|Any CPU
		{357B8449-1448-4B18-A6B7-A5B3F85A5C29}.Ad-Hoc|ARM.ActiveCfg = Release|Any CPU
		{357B8449-1448-4B18-A6B7-A5B3F85A5C29}.Ad-Hoc|ARM.Build.0 = Release|Any CPU
		{357B8449-1448-4B18-A6B7-A5B3F85A5C29}.Ad-Hoc|ARM.Deploy.0 = Release|Any CPU
		{357B8449-1448-4B18-A6B7-A5B3F85A5C29}.Ad-Hoc|iPhone.ActiveCfg = Release|Any CPU
		{357B8449-1448-4B18-A6B7-A5B3F85A5C29}.Ad-Hoc|iPhone.Build.0 = Release|Any CPU
		{357B8449-1448-4B18-A6B7-A5B3F85A5C29}.Ad-Hoc|iPhone.Deploy.0 = Release|Any CPU
		{357B8449-1448-4B18-A6B7-A5B3F85A5C29}.Ad-Hoc|iPhoneSimulator.ActiveCfg = Release|Any CPU
		{357B8449-1448-4B18-A6B7-A5B3F85A5C29}.Ad-Hoc|iPhoneSimulator.Build.0 = Release|Any CPU
		{357B8449-1448-4B18-A6B7-A5B3F85A5C29}.Ad-Hoc|iPhoneSimulator.Deploy.0 = Release|Any CPU
		{357B8449-1448-4B18-A6B7-A5B3F85A5C29}.Ad-Hoc|x64.ActiveCfg = Release|Any CPU
		{357B8449-1448-4B18-A6B7-A5B3F85A5C29}.Ad-Hoc|x64.Build.0 = Release|Any CPU
		{357B8449-1448-4B18-A6B7-A5B3F85A5C29}.Ad-Hoc|x64.Deploy.0 = Release|Any CPU
		{357B8449-1448-4B18-A6B7-A5B3F85A5C29}.Ad-Hoc|x86.ActiveCfg = Release|Any CPU
		{357B8449-1448-4B18-A6B7-A5B3F85A5C29}.Ad-Hoc|x86.Build.0 = Release|Any CPU
		{357B8449-1448-4B18-A6B7-A5B3F85A5C29}.Ad-Hoc|x86.Deploy.0 = Release|Any CPU
		{357B8449-1448-4B18-A6B7-A5B3F85A5C29}.AppStore|Any CPU.ActiveCfg = Release|Any CPU
		{357B8449-1448-4B18-A6B7-A5B3F85A5C29}.AppStore|Any CPU.Build.0 = Release|Any CPU
		{357B8449-1448-4B18-A6B7-A5B3F85A5C29}.AppStore|Any CPU.Deploy.0 = Release|Any CPU
		{357B8449-1448-4B18-A6B7-A5B3F85A5C29}.AppStore|ARM.ActiveCfg = Release|Any CPU
		{357B8449-1448-4B18-A6B7-A5B3F85A5C29}.AppStore|ARM.Build.0 = Release|Any CPU
		{357B8449-1448-4B18-A6B7-A5B3F85A5C29}.AppStore|ARM.Deploy.0 = Release|Any CPU
		{357B8449-1448-4B18-A6B7-A5B3F85A5C29}.AppStore|iPhone.ActiveCfg = Release|Any CPU
		{357B8449-1448-4B18-A6B7-A5B3F85A5C29}.AppStore|iPhone.Build.0 = Release|Any CPU
		{357B8449-1448-4B18-A6B7-A5B3F85A5C29}.AppStore|iPhone.Deploy.0 = Release|Any CPU
		{357B8449-1448-4B18-A6B7-A5B3F85A5C29}.AppStore|iPhoneSimulator.ActiveCfg = Release|Any CPU
		{357B8449-1448-4B18-A6B7-A5B3F85A5C29}.AppStore|iPhoneSimulator.Build.0 = Release|Any CPU
		{357B8449-1448-4B18-A6B7-A5B3F85A5C29}.AppStore|iPhoneSimulator.Deploy.0 = Release|Any CPU
		{357B8449-1448-4B18-A6B7-A5B3F85A5C29}.AppStore|x64.ActiveCfg = Release|Any CPU
		{357B8449-1448-4B18-A6B7-A5B3F85A5C29}.AppStore|x64.Build.0 = Release|Any CPU
		{357B8449-1448-4B18-A6B7-A5B3F85A5C29}.AppStore|x64.Deploy.0 = Release|Any CPU
		{357B8449-1448-4B18-A6B7-A5B3F85A5C29}.AppStore|x86.ActiveCfg = Release|Any CPU
		{357B8449-1448-4B18-A6B7-A5B3F85A5C29}.AppStore|x86.Build.0 = Release|Any CPU
		{357B8449-1448-4B18-A6B7-A5B3F85A5C29}.AppStore|x86.Deploy.0 = Release|Any CPU
		{357B8449-1448-4B18-A6B7-A5B3F85A5C29}.Debug|Any CPU.ActiveCfg = Debug|Any CPU
		{357B8449-1448-4B18-A6B7-A5B3F85A5C29}.Debug|Any CPU.Build.0 = Debug|Any CPU
		{357B8449-1448-4B18-A6B7-A5B3F85A5C29}.Debug|Any CPU.Deploy.0 = Debug|Any CPU
		{357B8449-1448-4B18-A6B7-A5B3F85A5C29}.Debug|ARM.ActiveCfg = Debug|Any CPU
		{357B8449-1448-4B18-A6B7-A5B3F85A5C29}.Debug|ARM.Build.0 = Debug|Any CPU
		{357B8449-1448-4B18-A6B7-A5B3F85A5C29}.Debug|ARM.Deploy.0 = Debug|Any CPU
		{357B8449-1448-4B18-A6B7-A5B3F85A5C29}.Debug|iPhone.ActiveCfg = Debug|Any CPU
		{357B8449-1448-4B18-A6B7-A5B3F85A5C29}.Debug|iPhone.Build.0 = Debug|Any CPU
		{357B8449-1448-4B18-A6B7-A5B3F85A5C29}.Debug|iPhone.Deploy.0 = Debug|Any CPU
		{357B8449-1448-4B18-A6B7-A5B3F85A5C29}.Debug|iPhoneSimulator.ActiveCfg = Debug|Any CPU
		{357B8449-1448-4B18-A6B7-A5B3F85A5C29}.Debug|iPhoneSimulator.Build.0 = Debug|Any CPU
		{357B8449-1448-4B18-A6B7-A5B3F85A5C29}.Debug|iPhoneSimulator.Deploy.0 = Debug|Any CPU
		{357B8449-1448-4B18-A6B7-A5B3F85A5C29}.Debug|x64.ActiveCfg = Debug|Any CPU
		{357B8449-1448-4B18-A6B7-A5B3F85A5C29}.Debug|x64.Build.0 = Debug|Any CPU
		{357B8449-1448-4B18-A6B7-A5B3F85A5C29}.Debug|x64.Deploy.0 = Debug|Any CPU
		{357B8449-1448-4B18-A6B7-A5B3F85A5C29}.Debug|x86.ActiveCfg = Debug|Any CPU
		{357B8449-1448-4B18-A6B7-A5B3F85A5C29}.Debug|x86.Build.0 = Debug|Any CPU
		{357B8449-1448-4B18-A6B7-A5B3F85A5C29}.Debug|x86.Deploy.0 = Debug|Any CPU
		{357B8449-1448-4B18-A6B7-A5B3F85A5C29}.Release|Any CPU.ActiveCfg = Release|Any CPU
		{357B8449-1448-4B18-A6B7-A5B3F85A5C29}.Release|Any CPU.Build.0 = Release|Any CPU
		{357B8449-1448-4B18-A6B7-A5B3F85A5C29}.Release|Any CPU.Deploy.0 = Release|Any CPU
		{357B8449-1448-4B18-A6B7-A5B3F85A5C29}.Release|ARM.ActiveCfg = Release|Any CPU
		{357B8449-1448-4B18-A6B7-A5B3F85A5C29}.Release|ARM.Build.0 = Release|Any CPU
		{357B8449-1448-4B18-A6B7-A5B3F85A5C29}.Release|ARM.Deploy.0 = Release|Any CPU
		{357B8449-1448-4B18-A6B7-A5B3F85A5C29}.Release|iPhone.ActiveCfg = Release|Any CPU
		{357B8449-1448-4B18-A6B7-A5B3F85A5C29}.Release|iPhone.Build.0 = Release|Any CPU
		{357B8449-1448-4B18-A6B7-A5B3F85A5C29}.Release|iPhone.Deploy.0 = Release|Any CPU
		{357B8449-1448-4B18-A6B7-A5B3F85A5C29}.Release|iPhoneSimulator.ActiveCfg = Release|Any CPU
		{357B8449-1448-4B18-A6B7-A5B3F85A5C29}.Release|iPhoneSimulator.Build.0 = Release|Any CPU
		{357B8449-1448-4B18-A6B7-A5B3F85A5C29}.Release|iPhoneSimulator.Deploy.0 = Release|Any CPU
		{357B8449-1448-4B18-A6B7-A5B3F85A5C29}.Release|x64.ActiveCfg = Release|Any CPU
		{357B8449-1448-4B18-A6B7-A5B3F85A5C29}.Release|x64.Build.0 = Release|Any CPU
		{357B8449-1448-4B18-A6B7-A5B3F85A5C29}.Release|x64.Deploy.0 = Release|Any CPU
		{357B8449-1448-4B18-A6B7-A5B3F85A5C29}.Release|x86.ActiveCfg = Release|Any CPU
		{357B8449-1448-4B18-A6B7-A5B3F85A5C29}.Release|x86.Build.0 = Release|Any CPU
		{357B8449-1448-4B18-A6B7-A5B3F85A5C29}.Release|x86.Deploy.0 = Release|Any CPU
		{884C34B5-C73C-4F73-964A-5799106DFBC7}.Ad-Hoc|Any CPU.ActiveCfg = Ad-Hoc|iPhone
		{884C34B5-C73C-4F73-964A-5799106DFBC7}.Ad-Hoc|ARM.ActiveCfg = Ad-Hoc|iPhone
		{884C34B5-C73C-4F73-964A-5799106DFBC7}.Ad-Hoc|iPhone.ActiveCfg = Ad-Hoc|iPhone
		{884C34B5-C73C-4F73-964A-5799106DFBC7}.Ad-Hoc|iPhone.Build.0 = Ad-Hoc|iPhone
		{884C34B5-C73C-4F73-964A-5799106DFBC7}.Ad-Hoc|iPhoneSimulator.ActiveCfg = Ad-Hoc|iPhoneSimulator
		{884C34B5-C73C-4F73-964A-5799106DFBC7}.Ad-Hoc|iPhoneSimulator.Build.0 = Ad-Hoc|iPhoneSimulator
		{884C34B5-C73C-4F73-964A-5799106DFBC7}.Ad-Hoc|x64.ActiveCfg = Ad-Hoc|iPhone
		{884C34B5-C73C-4F73-964A-5799106DFBC7}.Ad-Hoc|x86.ActiveCfg = Ad-Hoc|iPhone
		{884C34B5-C73C-4F73-964A-5799106DFBC7}.AppStore|Any CPU.ActiveCfg = AppStore|iPhone
		{884C34B5-C73C-4F73-964A-5799106DFBC7}.AppStore|ARM.ActiveCfg = AppStore|iPhone
		{884C34B5-C73C-4F73-964A-5799106DFBC7}.AppStore|iPhone.ActiveCfg = AppStore|iPhone
		{884C34B5-C73C-4F73-964A-5799106DFBC7}.AppStore|iPhone.Build.0 = AppStore|iPhone
		{884C34B5-C73C-4F73-964A-5799106DFBC7}.AppStore|iPhoneSimulator.ActiveCfg = AppStore|iPhoneSimulator
		{884C34B5-C73C-4F73-964A-5799106DFBC7}.AppStore|iPhoneSimulator.Build.0 = AppStore|iPhoneSimulator
		{884C34B5-C73C-4F73-964A-5799106DFBC7}.AppStore|x64.ActiveCfg = AppStore|iPhone
		{884C34B5-C73C-4F73-964A-5799106DFBC7}.AppStore|x86.ActiveCfg = AppStore|iPhone
		{884C34B5-C73C-4F73-964A-5799106DFBC7}.Debug|Any CPU.ActiveCfg = Debug|iPhone
		{884C34B5-C73C-4F73-964A-5799106DFBC7}.Debug|ARM.ActiveCfg = Debug|iPhone
		{884C34B5-C73C-4F73-964A-5799106DFBC7}.Debug|iPhone.ActiveCfg = Debug|iPhone
		{884C34B5-C73C-4F73-964A-5799106DFBC7}.Debug|iPhone.Build.0 = Debug|iPhone
		{884C34B5-C73C-4F73-964A-5799106DFBC7}.Debug|iPhoneSimulator.ActiveCfg = Debug|iPhoneSimulator
		{884C34B5-C73C-4F73-964A-5799106DFBC7}.Debug|iPhoneSimulator.Build.0 = Debug|iPhoneSimulator
		{884C34B5-C73C-4F73-964A-5799106DFBC7}.Debug|x64.ActiveCfg = Debug|iPhone
		{884C34B5-C73C-4F73-964A-5799106DFBC7}.Debug|x86.ActiveCfg = Debug|iPhone
		{884C34B5-C73C-4F73-964A-5799106DFBC7}.Release|Any CPU.ActiveCfg = Release|iPhone
		{884C34B5-C73C-4F73-964A-5799106DFBC7}.Release|ARM.ActiveCfg = Release|iPhone
		{884C34B5-C73C-4F73-964A-5799106DFBC7}.Release|iPhone.ActiveCfg = Release|iPhone
		{884C34B5-C73C-4F73-964A-5799106DFBC7}.Release|iPhone.Build.0 = Release|iPhone
		{884C34B5-C73C-4F73-964A-5799106DFBC7}.Release|iPhoneSimulator.ActiveCfg = Release|iPhoneSimulator
		{884C34B5-C73C-4F73-964A-5799106DFBC7}.Release|iPhoneSimulator.Build.0 = Release|iPhoneSimulator
		{884C34B5-C73C-4F73-964A-5799106DFBC7}.Release|x64.ActiveCfg = Release|iPhone
		{884C34B5-C73C-4F73-964A-5799106DFBC7}.Release|x86.ActiveCfg = Release|iPhone
		{E14DD664-E524-460C-BB52-4AD456D189D6}.Ad-Hoc|Any CPU.ActiveCfg = Release|x86
		{E14DD664-E524-460C-BB52-4AD456D189D6}.Ad-Hoc|Any CPU.Build.0 = Release|x86
		{E14DD664-E524-460C-BB52-4AD456D189D6}.Ad-Hoc|Any CPU.Deploy.0 = Release|x86
		{E14DD664-E524-460C-BB52-4AD456D189D6}.Ad-Hoc|ARM.ActiveCfg = Release|ARM
		{E14DD664-E524-460C-BB52-4AD456D189D6}.Ad-Hoc|ARM.Build.0 = Release|ARM
		{E14DD664-E524-460C-BB52-4AD456D189D6}.Ad-Hoc|ARM.Deploy.0 = Release|ARM
		{E14DD664-E524-460C-BB52-4AD456D189D6}.Ad-Hoc|iPhone.ActiveCfg = Release|x86
		{E14DD664-E524-460C-BB52-4AD456D189D6}.Ad-Hoc|iPhone.Build.0 = Release|x86
		{E14DD664-E524-460C-BB52-4AD456D189D6}.Ad-Hoc|iPhone.Deploy.0 = Release|x86
		{E14DD664-E524-460C-BB52-4AD456D189D6}.Ad-Hoc|iPhoneSimulator.ActiveCfg = Release|x86
		{E14DD664-E524-460C-BB52-4AD456D189D6}.Ad-Hoc|iPhoneSimulator.Build.0 = Release|x86
		{E14DD664-E524-460C-BB52-4AD456D189D6}.Ad-Hoc|iPhoneSimulator.Deploy.0 = Release|x86
		{E14DD664-E524-460C-BB52-4AD456D189D6}.Ad-Hoc|x64.ActiveCfg = Release|x64
		{E14DD664-E524-460C-BB52-4AD456D189D6}.Ad-Hoc|x64.Build.0 = Release|x64
		{E14DD664-E524-460C-BB52-4AD456D189D6}.Ad-Hoc|x64.Deploy.0 = Release|x64
		{E14DD664-E524-460C-BB52-4AD456D189D6}.Ad-Hoc|x86.ActiveCfg = Release|x86
		{E14DD664-E524-460C-BB52-4AD456D189D6}.Ad-Hoc|x86.Build.0 = Release|x86
		{E14DD664-E524-460C-BB52-4AD456D189D6}.Ad-Hoc|x86.Deploy.0 = Release|x86
		{E14DD664-E524-460C-BB52-4AD456D189D6}.AppStore|Any CPU.ActiveCfg = Release|x86
		{E14DD664-E524-460C-BB52-4AD456D189D6}.AppStore|Any CPU.Build.0 = Release|x86
		{E14DD664-E524-460C-BB52-4AD456D189D6}.AppStore|Any CPU.Deploy.0 = Release|x86
		{E14DD664-E524-460C-BB52-4AD456D189D6}.AppStore|ARM.ActiveCfg = Release|ARM
		{E14DD664-E524-460C-BB52-4AD456D189D6}.AppStore|ARM.Build.0 = Release|ARM
		{E14DD664-E524-460C-BB52-4AD456D189D6}.AppStore|ARM.Deploy.0 = Release|ARM
		{E14DD664-E524-460C-BB52-4AD456D189D6}.AppStore|iPhone.ActiveCfg = Release|x86
		{E14DD664-E524-460C-BB52-4AD456D189D6}.AppStore|iPhone.Build.0 = Release|x86
		{E14DD664-E524-460C-BB52-4AD456D189D6}.AppStore|iPhone.Deploy.0 = Release|x86
		{E14DD664-E524-460C-BB52-4AD456D189D6}.AppStore|iPhoneSimulator.ActiveCfg = Release|x86
		{E14DD664-E524-460C-BB52-4AD456D189D6}.AppStore|iPhoneSimulator.Build.0 = Release|x86
		{E14DD664-E524-460C-BB52-4AD456D189D6}.AppStore|iPhoneSimulator.Deploy.0 = Release|x86
		{E14DD664-E524-460C-BB52-4AD456D189D6}.AppStore|x64.ActiveCfg = Release|x64
		{E14DD664-E524-460C-BB52-4AD456D189D6}.AppStore|x64.Build.0 = Release|x64
		{E14DD664-E524-460C-BB52-4AD456D189D6}.AppStore|x64.Deploy.0 = Release|x64
		{E14DD664-E524-460C-BB52-4AD456D189D6}.AppStore|x86.ActiveCfg = Release|x86
		{E14DD664-E524-460C-BB52-4AD456D189D6}.AppStore|x86.Build.0 = Release|x86
		{E14DD664-E524-460C-BB52-4AD456D189D6}.AppStore|x86.Deploy.0 = Release|x86
		{E14DD664-E524-460C-BB52-4AD456D189D6}.Debug|Any CPU.ActiveCfg = Debug|x86
		{E14DD664-E524-460C-BB52-4AD456D189D6}.Debug|ARM.ActiveCfg = Debug|ARM
		{E14DD664-E524-460C-BB52-4AD456D189D6}.Debug|ARM.Build.0 = Debug|ARM
		{E14DD664-E524-460C-BB52-4AD456D189D6}.Debug|ARM.Deploy.0 = Debug|ARM
		{E14DD664-E524-460C-BB52-4AD456D189D6}.Debug|iPhone.ActiveCfg = Debug|x86
		{E14DD664-E524-460C-BB52-4AD456D189D6}.Debug|iPhoneSimulator.ActiveCfg = Debug|x86
		{E14DD664-E524-460C-BB52-4AD456D189D6}.Debug|x64.ActiveCfg = Debug|x64
		{E14DD664-E524-460C-BB52-4AD456D189D6}.Debug|x64.Build.0 = Debug|x64
		{E14DD664-E524-460C-BB52-4AD456D189D6}.Debug|x64.Deploy.0 = Debug|x64
		{E14DD664-E524-460C-BB52-4AD456D189D6}.Debug|x86.ActiveCfg = Debug|x86
		{E14DD664-E524-460C-BB52-4AD456D189D6}.Debug|x86.Build.0 = Debug|x86
		{E14DD664-E524-460C-BB52-4AD456D189D6}.Debug|x86.Deploy.0 = Debug|x86
		{E14DD664-E524-460C-BB52-4AD456D189D6}.Release|Any CPU.ActiveCfg = Release|x86
		{E14DD664-E524-460C-BB52-4AD456D189D6}.Release|ARM.ActiveCfg = Release|ARM
		{E14DD664-E524-460C-BB52-4AD456D189D6}.Release|ARM.Build.0 = Release|ARM
		{E14DD664-E524-460C-BB52-4AD456D189D6}.Release|ARM.Deploy.0 = Release|ARM
		{E14DD664-E524-460C-BB52-4AD456D189D6}.Release|iPhone.ActiveCfg = Release|x86
		{E14DD664-E524-460C-BB52-4AD456D189D6}.Release|iPhoneSimulator.ActiveCfg = Release|x86
		{E14DD664-E524-460C-BB52-4AD456D189D6}.Release|x64.ActiveCfg = Release|x64
		{E14DD664-E524-460C-BB52-4AD456D189D6}.Release|x64.Build.0 = Release|x64
		{E14DD664-E524-460C-BB52-4AD456D189D6}.Release|x64.Deploy.0 = Release|x64
		{E14DD664-E524-460C-BB52-4AD456D189D6}.Release|x86.ActiveCfg = Release|x86
		{E14DD664-E524-460C-BB52-4AD456D189D6}.Release|x86.Build.0 = Release|x86
		{E14DD664-E524-460C-BB52-4AD456D189D6}.Release|x86.Deploy.0 = Release|x86
		{C59F6504-11B8-408C-B2B4-2FB10A9B5ABA}.Ad-Hoc|Any CPU.ActiveCfg = Debug|Any CPU
		{C59F6504-11B8-408C-B2B4-2FB10A9B5ABA}.Ad-Hoc|Any CPU.Build.0 = Debug|Any CPU
		{C59F6504-11B8-408C-B2B4-2FB10A9B5ABA}.Ad-Hoc|ARM.ActiveCfg = Debug|Any CPU
		{C59F6504-11B8-408C-B2B4-2FB10A9B5ABA}.Ad-Hoc|ARM.Build.0 = Debug|Any CPU
		{C59F6504-11B8-408C-B2B4-2FB10A9B5ABA}.Ad-Hoc|iPhone.ActiveCfg = Debug|Any CPU
		{C59F6504-11B8-408C-B2B4-2FB10A9B5ABA}.Ad-Hoc|iPhone.Build.0 = Debug|Any CPU
		{C59F6504-11B8-408C-B2B4-2FB10A9B5ABA}.Ad-Hoc|iPhoneSimulator.ActiveCfg = Debug|Any CPU
		{C59F6504-11B8-408C-B2B4-2FB10A9B5ABA}.Ad-Hoc|iPhoneSimulator.Build.0 = Debug|Any CPU
		{C59F6504-11B8-408C-B2B4-2FB10A9B5ABA}.Ad-Hoc|x64.ActiveCfg = Debug|Any CPU
		{C59F6504-11B8-408C-B2B4-2FB10A9B5ABA}.Ad-Hoc|x64.Build.0 = Debug|Any CPU
		{C59F6504-11B8-408C-B2B4-2FB10A9B5ABA}.Ad-Hoc|x86.ActiveCfg = Debug|Any CPU
		{C59F6504-11B8-408C-B2B4-2FB10A9B5ABA}.Ad-Hoc|x86.Build.0 = Debug|Any CPU
		{C59F6504-11B8-408C-B2B4-2FB10A9B5ABA}.AppStore|Any CPU.ActiveCfg = Debug|Any CPU
		{C59F6504-11B8-408C-B2B4-2FB10A9B5ABA}.AppStore|Any CPU.Build.0 = Debug|Any CPU
		{C59F6504-11B8-408C-B2B4-2FB10A9B5ABA}.AppStore|ARM.ActiveCfg = Debug|Any CPU
		{C59F6504-11B8-408C-B2B4-2FB10A9B5ABA}.AppStore|ARM.Build.0 = Debug|Any CPU
		{C59F6504-11B8-408C-B2B4-2FB10A9B5ABA}.AppStore|iPhone.ActiveCfg = Debug|Any CPU
		{C59F6504-11B8-408C-B2B4-2FB10A9B5ABA}.AppStore|iPhone.Build.0 = Debug|Any CPU
		{C59F6504-11B8-408C-B2B4-2FB10A9B5ABA}.AppStore|iPhoneSimulator.ActiveCfg = Debug|Any CPU
		{C59F6504-11B8-408C-B2B4-2FB10A9B5ABA}.AppStore|iPhoneSimulator.Build.0 = Debug|Any CPU
		{C59F6504-11B8-408C-B2B4-2FB10A9B5ABA}.AppStore|x64.ActiveCfg = Debug|Any CPU
		{C59F6504-11B8-408C-B2B4-2FB10A9B5ABA}.AppStore|x64.Build.0 = Debug|Any CPU
		{C59F6504-11B8-408C-B2B4-2FB10A9B5ABA}.AppStore|x86.ActiveCfg = Debug|Any CPU
		{C59F6504-11B8-408C-B2B4-2FB10A9B5ABA}.AppStore|x86.Build.0 = Debug|Any CPU
		{C59F6504-11B8-408C-B2B4-2FB10A9B5ABA}.Debug|Any CPU.ActiveCfg = Debug|Any CPU
		{C59F6504-11B8-408C-B2B4-2FB10A9B5ABA}.Debug|Any CPU.Build.0 = Debug|Any CPU
		{C59F6504-11B8-408C-B2B4-2FB10A9B5ABA}.Debug|ARM.ActiveCfg = Debug|Any CPU
		{C59F6504-11B8-408C-B2B4-2FB10A9B5ABA}.Debug|ARM.Build.0 = Debug|Any CPU
		{C59F6504-11B8-408C-B2B4-2FB10A9B5ABA}.Debug|iPhone.ActiveCfg = Debug|Any CPU
		{C59F6504-11B8-408C-B2B4-2FB10A9B5ABA}.Debug|iPhone.Build.0 = Debug|Any CPU
		{C59F6504-11B8-408C-B2B4-2FB10A9B5ABA}.Debug|iPhoneSimulator.ActiveCfg = Debug|Any CPU
		{C59F6504-11B8-408C-B2B4-2FB10A9B5ABA}.Debug|iPhoneSimulator.Build.0 = Debug|Any CPU
		{C59F6504-11B8-408C-B2B4-2FB10A9B5ABA}.Debug|x64.ActiveCfg = Debug|Any CPU
		{C59F6504-11B8-408C-B2B4-2FB10A9B5ABA}.Debug|x64.Build.0 = Debug|Any CPU
		{C59F6504-11B8-408C-B2B4-2FB10A9B5ABA}.Debug|x86.ActiveCfg = Debug|Any CPU
		{C59F6504-11B8-408C-B2B4-2FB10A9B5ABA}.Debug|x86.Build.0 = Debug|Any CPU
		{C59F6504-11B8-408C-B2B4-2FB10A9B5ABA}.Release|Any CPU.ActiveCfg = Release|Any CPU
		{C59F6504-11B8-408C-B2B4-2FB10A9B5ABA}.Release|Any CPU.Build.0 = Release|Any CPU
		{C59F6504-11B8-408C-B2B4-2FB10A9B5ABA}.Release|ARM.ActiveCfg = Release|Any CPU
		{C59F6504-11B8-408C-B2B4-2FB10A9B5ABA}.Release|ARM.Build.0 = Release|Any CPU
		{C59F6504-11B8-408C-B2B4-2FB10A9B5ABA}.Release|iPhone.ActiveCfg = Release|Any CPU
		{C59F6504-11B8-408C-B2B4-2FB10A9B5ABA}.Release|iPhone.Build.0 = Release|Any CPU
		{C59F6504-11B8-408C-B2B4-2FB10A9B5ABA}.Release|iPhoneSimulator.ActiveCfg = Release|Any CPU
		{C59F6504-11B8-408C-B2B4-2FB10A9B5ABA}.Release|iPhoneSimulator.Build.0 = Release|Any CPU
		{C59F6504-11B8-408C-B2B4-2FB10A9B5ABA}.Release|x64.ActiveCfg = Release|Any CPU
		{C59F6504-11B8-408C-B2B4-2FB10A9B5ABA}.Release|x64.Build.0 = Release|Any CPU
		{C59F6504-11B8-408C-B2B4-2FB10A9B5ABA}.Release|x86.ActiveCfg = Release|Any CPU
		{C59F6504-11B8-408C-B2B4-2FB10A9B5ABA}.Release|x86.Build.0 = Release|Any CPU
	EndGlobalSection
	GlobalSection(SolutionProperties) = preSolution
		HideSolutionNode = FALSE
	EndGlobalSection
	GlobalSection(NestedProjects) = preSolution
		{5B6B013C-BB85-4CF1-8727-18FFB8E299B6} = {51218DF9-2398-48C2-BE6F-898BAF6CB46C}
		{357B8449-1448-4B18-A6B7-A5B3F85A5C29} = {93896CD8-0448-46D5-9A60-B0A3087C374F}
		{884C34B5-C73C-4F73-964A-5799106DFBC7} = {93896CD8-0448-46D5-9A60-B0A3087C374F}
		{E14DD664-E524-460C-BB52-4AD456D189D6} = {93896CD8-0448-46D5-9A60-B0A3087C374F}
		{C59F6504-11B8-408C-B2B4-2FB10A9B5ABA} = {93896CD8-0448-46D5-9A60-B0A3087C374F}
	EndGlobalSection
	GlobalSection(ExtensibilityGlobals) = postSolution
		SolutionGuid = {B006B9AB-B75D-478C-937D-94D59CA26375}
	EndGlobalSection
EndGlobal
